
Microsoft Visual Studio Solution File, Format Version 12.00
# Visual Studio 14
VisualStudioVersion = 14.0.23107.0
MinimumVisualStudioVersion = 10.0.40219.1
Project("{FAE04EC0-301F-11D3-BF4B-00C04F79EFBC}") = "Todo", "Todo\Todo\Todo.csproj", "{B610CC33-C208-4738-8516-B0915D5CE861}"
EndProject
Project("{FAE04EC0-301F-11D3-BF4B-00C04F79EFBC}") = "Todo.iOS", "Todo\Todo.iOS\Todo.iOS.csproj", "{DC073CFC-3066-4933-93E9-48F5AC5DBD30}"
EndProject
Project("{FAE04EC0-301F-11D3-BF4B-00C04F79EFBC}") = "Todo.Droid", "Todo\Todo.Droid\Todo.Droid.csproj", "{60270868-EBBE-4090-A57E-55E823745CFC}"
EndProject
Project("{FAE04EC0-301F-11D3-BF4B-00C04F79EFBC}") = "Todo.WinPhone", "Todo\Todo.WinPhone\Todo.WinPhone.csproj", "{DF3F8697-F1B9-42C8-B296-777A964C5784}"
EndProject
Project("{FAE04EC0-301F-11D3-BF4B-00C04F79EFBC}") = "Todo.WP", "Todo\Todo.WP\Todo.WP.csproj", "{3AC81D87-6B69-41F9-969A-2DCE719832D3}"
EndProject
Global
	GlobalSection(SolutionConfigurationPlatforms) = preSolution
		Ad-Hoc|Any CPU = Ad-Hoc|Any CPU
		Ad-Hoc|ARM = Ad-Hoc|ARM
		Ad-Hoc|iPhone = Ad-Hoc|iPhone
		Ad-Hoc|iPhoneSimulator = Ad-Hoc|iPhoneSimulator
		Ad-Hoc|x86 = Ad-Hoc|x86
		AppStore|Any CPU = AppStore|Any CPU
		AppStore|ARM = AppStore|ARM
		AppStore|iPhone = AppStore|iPhone
		AppStore|iPhoneSimulator = AppStore|iPhoneSimulator
		AppStore|x86 = AppStore|x86
		Debug|Any CPU = Debug|Any CPU
		Debug|ARM = Debug|ARM
		Debug|iPhone = Debug|iPhone
		Debug|iPhoneSimulator = Debug|iPhoneSimulator
		Debug|x86 = Debug|x86
		Release|Any CPU = Release|Any CPU
		Release|ARM = Release|ARM
		Release|iPhone = Release|iPhone
		Release|iPhoneSimulator = Release|iPhoneSimulator
		Release|x86 = Release|x86
	EndGlobalSection
	GlobalSection(ProjectConfigurationPlatforms) = postSolution
		{B610CC33-C208-4738-8516-B0915D5CE861}.Ad-Hoc|Any CPU.ActiveCfg = Release|Any CPU
		{B610CC33-C208-4738-8516-B0915D5CE861}.Ad-Hoc|Any CPU.Build.0 = Release|Any CPU
		{B610CC33-C208-4738-8516-B0915D5CE861}.Ad-Hoc|ARM.ActiveCfg = Release|Any CPU
		{B610CC33-C208-4738-8516-B0915D5CE861}.Ad-Hoc|ARM.Build.0 = Release|Any CPU
		{B610CC33-C208-4738-8516-B0915D5CE861}.Ad-Hoc|iPhone.ActiveCfg = Release|Any CPU
		{B610CC33-C208-4738-8516-B0915D5CE861}.Ad-Hoc|iPhone.Build.0 = Release|Any CPU
		{B610CC33-C208-4738-8516-B0915D5CE861}.Ad-Hoc|iPhoneSimulator.ActiveCfg = Release|Any CPU
		{B610CC33-C208-4738-8516-B0915D5CE861}.Ad-Hoc|iPhoneSimulator.Build.0 = Release|Any CPU
		{B610CC33-C208-4738-8516-B0915D5CE861}.Ad-Hoc|x86.ActiveCfg = Release|Any CPU
		{B610CC33-C208-4738-8516-B0915D5CE861}.Ad-Hoc|x86.Build.0 = Release|Any CPU
		{B610CC33-C208-4738-8516-B0915D5CE861}.AppStore|Any CPU.ActiveCfg = Release|Any CPU
		{B610CC33-C208-4738-8516-B0915D5CE861}.AppStore|Any CPU.Build.0 = Release|Any CPU
		{B610CC33-C208-4738-8516-B0915D5CE861}.AppStore|ARM.ActiveCfg = Release|Any CPU
		{B610CC33-C208-4738-8516-B0915D5CE861}.AppStore|ARM.Build.0 = Release|Any CPU
		{B610CC33-C208-4738-8516-B0915D5CE861}.AppStore|iPhone.ActiveCfg = Release|Any CPU
		{B610CC33-C208-4738-8516-B0915D5CE861}.AppStore|iPhone.Build.0 = Release|Any CPU
		{B610CC33-C208-4738-8516-B0915D5CE861}.AppStore|iPhoneSimulator.ActiveCfg = Release|Any CPU
		{B610CC33-C208-4738-8516-B0915D5CE861}.AppStore|iPhoneSimulator.Build.0 = Release|Any CPU
		{B610CC33-C208-4738-8516-B0915D5CE861}.AppStore|x86.ActiveCfg = Release|Any CPU
		{B610CC33-C208-4738-8516-B0915D5CE861}.AppStore|x86.Build.0 = Release|Any CPU
		{B610CC33-C208-4738-8516-B0915D5CE861}.Debug|Any CPU.ActiveCfg = Debug|Any CPU
		{B610CC33-C208-4738-8516-B0915D5CE861}.Debug|Any CPU.Build.0 = Debug|Any CPU
		{B610CC33-C208-4738-8516-B0915D5CE861}.Debug|ARM.ActiveCfg = Debug|Any CPU
		{B610CC33-C208-4738-8516-B0915D5CE861}.Debug|ARM.Build.0 = Debug|Any CPU
		{B610CC33-C208-4738-8516-B0915D5CE861}.Debug|iPhone.ActiveCfg = Debug|Any CPU
		{B610CC33-C208-4738-8516-B0915D5CE861}.Debug|iPhone.Build.0 = Debug|Any CPU
		{B610CC33-C208-4738-8516-B0915D5CE861}.Debug|iPhoneSimulator.ActiveCfg = Debug|Any CPU
		{B610CC33-C208-4738-8516-B0915D5CE861}.Debug|iPhoneSimulator.Build.0 = Debug|Any CPU
		{B610CC33-C208-4738-8516-B0915D5CE861}.Debug|x86.ActiveCfg = Debug|Any CPU
		{B610CC33-C208-4738-8516-B0915D5CE861}.Debug|x86.Build.0 = Debug|Any CPU
		{B610CC33-C208-4738-8516-B0915D5CE861}.Release|Any CPU.ActiveCfg = Release|Any CPU
		{B610CC33-C208-4738-8516-B0915D5CE861}.Release|Any CPU.Build.0 = Release|Any CPU
		{B610CC33-C208-4738-8516-B0915D5CE861}.Release|ARM.ActiveCfg = Release|Any CPU
		{B610CC33-C208-4738-8516-B0915D5CE861}.Release|ARM.Build.0 = Release|Any CPU
		{B610CC33-C208-4738-8516-B0915D5CE861}.Release|iPhone.ActiveCfg = Release|Any CPU
		{B610CC33-C208-4738-8516-B0915D5CE861}.Release|iPhone.Build.0 = Release|Any CPU
		{B610CC33-C208-4738-8516-B0915D5CE861}.Release|iPhoneSimulator.ActiveCfg = Release|Any CPU
		{B610CC33-C208-4738-8516-B0915D5CE861}.Release|iPhoneSimulator.Build.0 = Release|Any CPU
		{B610CC33-C208-4738-8516-B0915D5CE861}.Release|x86.ActiveCfg = Release|Any CPU
		{B610CC33-C208-4738-8516-B0915D5CE861}.Release|x86.Build.0 = Release|Any CPU
		{DC073CFC-3066-4933-93E9-48F5AC5DBD30}.Ad-Hoc|Any CPU.ActiveCfg = Ad-Hoc|iPhone
		{DC073CFC-3066-4933-93E9-48F5AC5DBD30}.Ad-Hoc|ARM.ActiveCfg = Ad-Hoc|iPhone
		{DC073CFC-3066-4933-93E9-48F5AC5DBD30}.Ad-Hoc|iPhone.ActiveCfg = Ad-Hoc|iPhone
		{DC073CFC-3066-4933-93E9-48F5AC5DBD30}.Ad-Hoc|iPhone.Build.0 = Ad-Hoc|iPhone
		{DC073CFC-3066-4933-93E9-48F5AC5DBD30}.Ad-Hoc|iPhoneSimulator.ActiveCfg = Ad-Hoc|iPhoneSimulator
		{DC073CFC-3066-4933-93E9-48F5AC5DBD30}.Ad-Hoc|iPhoneSimulator.Build.0 = Ad-Hoc|iPhoneSimulator
		{DC073CFC-3066-4933-93E9-48F5AC5DBD30}.Ad-Hoc|x86.ActiveCfg = Ad-Hoc|iPhone
		{DC073CFC-3066-4933-93E9-48F5AC5DBD30}.AppStore|Any CPU.ActiveCfg = AppStore|iPhone
		{DC073CFC-3066-4933-93E9-48F5AC5DBD30}.AppStore|ARM.ActiveCfg = AppStore|iPhone
		{DC073CFC-3066-4933-93E9-48F5AC5DBD30}.AppStore|iPhone.ActiveCfg = AppStore|iPhone
		{DC073CFC-3066-4933-93E9-48F5AC5DBD30}.AppStore|iPhone.Build.0 = AppStore|iPhone
		{DC073CFC-3066-4933-93E9-48F5AC5DBD30}.AppStore|iPhoneSimulator.ActiveCfg = AppStore|iPhoneSimulator
		{DC073CFC-3066-4933-93E9-48F5AC5DBD30}.AppStore|iPhoneSimulator.Build.0 = AppStore|iPhoneSimulator
		{DC073CFC-3066-4933-93E9-48F5AC5DBD30}.AppStore|x86.ActiveCfg = AppStore|iPhone
		{DC073CFC-3066-4933-93E9-48F5AC5DBD30}.Debug|Any CPU.ActiveCfg = Debug|iPhone
		{DC073CFC-3066-4933-93E9-48F5AC5DBD30}.Debug|ARM.ActiveCfg = Debug|iPhone
		{DC073CFC-3066-4933-93E9-48F5AC5DBD30}.Debug|iPhone.ActiveCfg = Debug|iPhone
		{DC073CFC-3066-4933-93E9-48F5AC5DBD30}.Debug|iPhone.Build.0 = Debug|iPhone
		{DC073CFC-3066-4933-93E9-48F5AC5DBD30}.Debug|iPhoneSimulator.ActiveCfg = Debug|iPhoneSimulator
		{DC073CFC-3066-4933-93E9-48F5AC5DBD30}.Debug|iPhoneSimulator.Build.0 = Debug|iPhoneSimulator
		{DC073CFC-3066-4933-93E9-48F5AC5DBD30}.Debug|x86.ActiveCfg = Debug|iPhone
		{DC073CFC-3066-4933-93E9-48F5AC5DBD30}.Release|Any CPU.ActiveCfg = Release|iPhone
		{DC073CFC-3066-4933-93E9-48F5AC5DBD30}.Release|ARM.ActiveCfg = Release|iPhone
		{DC073CFC-3066-4933-93E9-48F5AC5DBD30}.Release|iPhone.ActiveCfg = Release|iPhone
		{DC073CFC-3066-4933-93E9-48F5AC5DBD30}.Release|iPhone.Build.0 = Release|iPhone
		{DC073CFC-3066-4933-93E9-48F5AC5DBD30}.Release|iPhoneSimulator.ActiveCfg = Release|iPhoneSimulator
		{DC073CFC-3066-4933-93E9-48F5AC5DBD30}.Release|iPhoneSimulator.Build.0 = Release|iPhoneSimulator
		{DC073CFC-3066-4933-93E9-48F5AC5DBD30}.Release|x86.ActiveCfg = Release|iPhone
		{60270868-EBBE-4090-A57E-55E823745CFC}.Ad-Hoc|Any CPU.ActiveCfg = Release|Any CPU
		{60270868-EBBE-4090-A57E-55E823745CFC}.Ad-Hoc|Any CPU.Build.0 = Release|Any CPU
		{60270868-EBBE-4090-A57E-55E823745CFC}.Ad-Hoc|Any CPU.Deploy.0 = Release|Any CPU
		{60270868-EBBE-4090-A57E-55E823745CFC}.Ad-Hoc|ARM.ActiveCfg = Release|Any CPU
		{60270868-EBBE-4090-A57E-55E823745CFC}.Ad-Hoc|ARM.Build.0 = Release|Any CPU
		{60270868-EBBE-4090-A57E-55E823745CFC}.Ad-Hoc|ARM.Deploy.0 = Release|Any CPU
		{60270868-EBBE-4090-A57E-55E823745CFC}.Ad-Hoc|iPhone.ActiveCfg = Release|Any CPU
		{60270868-EBBE-4090-A57E-55E823745CFC}.Ad-Hoc|iPhone.Build.0 = Release|Any CPU
		{60270868-EBBE-4090-A57E-55E823745CFC}.Ad-Hoc|iPhone.Deploy.0 = Release|Any CPU
		{60270868-EBBE-4090-A57E-55E823745CFC}.Ad-Hoc|iPhoneSimulator.ActiveCfg = Release|Any CPU
		{60270868-EBBE-4090-A57E-55E823745CFC}.Ad-Hoc|iPhoneSimulator.Build.0 = Release|Any CPU
		{60270868-EBBE-4090-A57E-55E823745CFC}.Ad-Hoc|iPhoneSimulator.Deploy.0 = Release|Any CPU
		{60270868-EBBE-4090-A57E-55E823745CFC}.Ad-Hoc|x86.ActiveCfg = Release|Any CPU
		{60270868-EBBE-4090-A57E-55E823745CFC}.Ad-Hoc|x86.Build.0 = Release|Any CPU
		{60270868-EBBE-4090-A57E-55E823745CFC}.Ad-Hoc|x86.Deploy.0 = Release|Any CPU
		{60270868-EBBE-4090-A57E-55E823745CFC}.AppStore|Any CPU.ActiveCfg = Release|Any CPU
		{60270868-EBBE-4090-A57E-55E823745CFC}.AppStore|Any CPU.Build.0 = Release|Any CPU
		{60270868-EBBE-4090-A57E-55E823745CFC}.AppStore|Any CPU.Deploy.0 = Release|Any CPU
		{60270868-EBBE-4090-A57E-55E823745CFC}.AppStore|ARM.ActiveCfg = Release|Any CPU
		{60270868-EBBE-4090-A57E-55E823745CFC}.AppStore|ARM.Build.0 = Release|Any CPU
		{60270868-EBBE-4090-A57E-55E823745CFC}.AppStore|ARM.Deploy.0 = Release|Any CPU
		{60270868-EBBE-4090-A57E-55E823745CFC}.AppStore|iPhone.ActiveCfg = Release|Any CPU
		{60270868-EBBE-4090-A57E-55E823745CFC}.AppStore|iPhone.Build.0 = Release|Any CPU
		{60270868-EBBE-4090-A57E-55E823745CFC}.AppStore|iPhone.Deploy.0 = Release|Any CPU
		{60270868-EBBE-4090-A57E-55E823745CFC}.AppStore|iPhoneSimulator.ActiveCfg = Release|Any CPU
		{60270868-EBBE-4090-A57E-55E823745CFC}.AppStore|iPhoneSimulator.Build.0 = Release|Any CPU
		{60270868-EBBE-4090-A57E-55E823745CFC}.AppStore|iPhoneSimulator.Deploy.0 = Release|Any CPU
		{60270868-EBBE-4090-A57E-55E823745CFC}.AppStore|x86.ActiveCfg = Release|Any CPU
		{60270868-EBBE-4090-A57E-55E823745CFC}.AppStore|x86.Build.0 = Release|Any CPU
		{60270868-EBBE-4090-A57E-55E823745CFC}.AppStore|x86.Deploy.0 = Release|Any CPU
		{60270868-EBBE-4090-A57E-55E823745CFC}.Debug|Any CPU.ActiveCfg = Debug|Any CPU
		{60270868-EBBE-4090-A57E-55E823745CFC}.Debug|Any CPU.Build.0 = Debug|Any CPU
		{60270868-EBBE-4090-A57E-55E823745CFC}.Debug|Any CPU.Deploy.0 = Debug|Any CPU
		{60270868-EBBE-4090-A57E-55E823745CFC}.Debug|ARM.ActiveCfg = Debug|Any CPU
		{60270868-EBBE-4090-A57E-55E823745CFC}.Debug|ARM.Build.0 = Debug|Any CPU
		{60270868-EBBE-4090-A57E-55E823745CFC}.Debug|ARM.Deploy.0 = Debug|Any CPU
		{60270868-EBBE-4090-A57E-55E823745CFC}.Debug|iPhone.ActiveCfg = Debug|Any CPU
		{60270868-EBBE-4090-A57E-55E823745CFC}.Debug|iPhone.Build.0 = Debug|Any CPU
		{60270868-EBBE-4090-A57E-55E823745CFC}.Debug|iPhone.Deploy.0 = Debug|Any CPU
		{60270868-EBBE-4090-A57E-55E823745CFC}.Debug|iPhoneSimulator.ActiveCfg = Debug|Any CPU
		{60270868-EBBE-4090-A57E-55E823745CFC}.Debug|iPhoneSimulator.Build.0 = Debug|Any CPU
		{60270868-EBBE-4090-A57E-55E823745CFC}.Debug|iPhoneSimulator.Deploy.0 = Debug|Any CPU
		{60270868-EBBE-4090-A57E-55E823745CFC}.Debug|x86.ActiveCfg = Debug|Any CPU
		{60270868-EBBE-4090-A57E-55E823745CFC}.Debug|x86.Build.0 = Debug|Any CPU
		{60270868-EBBE-4090-A57E-55E823745CFC}.Debug|x86.Deploy.0 = Debug|Any CPU
		{60270868-EBBE-4090-A57E-55E823745CFC}.Release|Any CPU.ActiveCfg = Release|Any CPU
		{60270868-EBBE-4090-A57E-55E823745CFC}.Release|Any CPU.Build.0 = Release|Any CPU
		{60270868-EBBE-4090-A57E-55E823745CFC}.Release|Any CPU.Deploy.0 = Release|Any CPU
		{60270868-EBBE-4090-A57E-55E823745CFC}.Release|ARM.ActiveCfg = Release|Any CPU
		{60270868-EBBE-4090-A57E-55E823745CFC}.Release|ARM.Build.0 = Release|Any CPU
		{60270868-EBBE-4090-A57E-55E823745CFC}.Release|ARM.Deploy.0 = Release|Any CPU
		{60270868-EBBE-4090-A57E-55E823745CFC}.Release|iPhone.ActiveCfg = Release|Any CPU
		{60270868-EBBE-4090-A57E-55E823745CFC}.Release|iPhone.Build.0 = Release|Any CPU
		{60270868-EBBE-4090-A57E-55E823745CFC}.Release|iPhone.Deploy.0 = Release|Any CPU
		{60270868-EBBE-4090-A57E-55E823745CFC}.Release|iPhoneSimulator.ActiveCfg = Release|Any CPU
		{60270868-EBBE-4090-A57E-55E823745CFC}.Release|iPhoneSimulator.Build.0 = Release|Any CPU
		{60270868-EBBE-4090-A57E-55E823745CFC}.Release|iPhoneSimulator.Deploy.0 = Release|Any CPU
		{60270868-EBBE-4090-A57E-55E823745CFC}.Release|x86.ActiveCfg = Release|Any CPU
		{60270868-EBBE-4090-A57E-55E823745CFC}.Release|x86.Build.0 = Release|Any CPU
		{60270868-EBBE-4090-A57E-55E823745CFC}.Release|x86.Deploy.0 = Release|Any CPU
		{DF3F8697-F1B9-42C8-B296-777A964C5784}.Ad-Hoc|Any CPU.ActiveCfg = Release|Any CPU
		{DF3F8697-F1B9-42C8-B296-777A964C5784}.Ad-Hoc|Any CPU.Build.0 = Release|Any CPU
		{DF3F8697-F1B9-42C8-B296-777A964C5784}.Ad-Hoc|Any CPU.Deploy.0 = Release|Any CPU
		{DF3F8697-F1B9-42C8-B296-777A964C5784}.Ad-Hoc|ARM.ActiveCfg = Release|ARM
		{DF3F8697-F1B9-42C8-B296-777A964C5784}.Ad-Hoc|ARM.Build.0 = Release|ARM
		{DF3F8697-F1B9-42C8-B296-777A964C5784}.Ad-Hoc|ARM.Deploy.0 = Release|ARM
		{DF3F8697-F1B9-42C8-B296-777A964C5784}.Ad-Hoc|iPhone.ActiveCfg = Release|Any CPU
		{DF3F8697-F1B9-42C8-B296-777A964C5784}.Ad-Hoc|iPhone.Build.0 = Release|Any CPU
		{DF3F8697-F1B9-42C8-B296-777A964C5784}.Ad-Hoc|iPhone.Deploy.0 = Release|Any CPU
		{DF3F8697-F1B9-42C8-B296-777A964C5784}.Ad-Hoc|iPhoneSimulator.ActiveCfg = Release|Any CPU
		{DF3F8697-F1B9-42C8-B296-777A964C5784}.Ad-Hoc|iPhoneSimulator.Build.0 = Release|Any CPU
		{DF3F8697-F1B9-42C8-B296-777A964C5784}.Ad-Hoc|iPhoneSimulator.Deploy.0 = Release|Any CPU
		{DF3F8697-F1B9-42C8-B296-777A964C5784}.Ad-Hoc|x86.ActiveCfg = Release|x86
		{DF3F8697-F1B9-42C8-B296-777A964C5784}.Ad-Hoc|x86.Build.0 = Release|x86
		{DF3F8697-F1B9-42C8-B296-777A964C5784}.Ad-Hoc|x86.Deploy.0 = Release|x86
		{DF3F8697-F1B9-42C8-B296-777A964C5784}.AppStore|Any CPU.ActiveCfg = Release|Any CPU
		{DF3F8697-F1B9-42C8-B296-777A964C5784}.AppStore|Any CPU.Build.0 = Release|Any CPU
		{DF3F8697-F1B9-42C8-B296-777A964C5784}.AppStore|Any CPU.Deploy.0 = Release|Any CPU
		{DF3F8697-F1B9-42C8-B296-777A964C5784}.AppStore|ARM.ActiveCfg = Release|ARM
		{DF3F8697-F1B9-42C8-B296-777A964C5784}.AppStore|ARM.Build.0 = Release|ARM
		{DF3F8697-F1B9-42C8-B296-777A964C5784}.AppStore|ARM.Deploy.0 = Release|ARM
		{DF3F8697-F1B9-42C8-B296-777A964C5784}.AppStore|iPhone.ActiveCfg = Release|Any CPU
		{DF3F8697-F1B9-42C8-B296-777A964C5784}.AppStore|iPhone.Build.0 = Release|Any CPU
		{DF3F8697-F1B9-42C8-B296-777A964C5784}.AppStore|iPhone.Deploy.0 = Release|Any CPU
		{DF3F8697-F1B9-42C8-B296-777A964C5784}.AppStore|iPhoneSimulator.ActiveCfg = Release|Any CPU
		{DF3F8697-F1B9-42C8-B296-777A964C5784}.AppStore|iPhoneSimulator.Build.0 = Release|Any CPU
		{DF3F8697-F1B9-42C8-B296-777A964C5784}.AppStore|iPhoneSimulator.Deploy.0 = Release|Any CPU
		{DF3F8697-F1B9-42C8-B296-777A964C5784}.AppStore|x86.ActiveCfg = Release|x86
		{DF3F8697-F1B9-42C8-B296-777A964C5784}.AppStore|x86.Build.0 = Release|x86
		{DF3F8697-F1B9-42C8-B296-777A964C5784}.AppStore|x86.Deploy.0 = Release|x86
		{DF3F8697-F1B9-42C8-B296-777A964C5784}.Debug|Any CPU.ActiveCfg = Debug|Any CPU
		{DF3F8697-F1B9-42C8-B296-777A964C5784}.Debug|Any CPU.Build.0 = Debug|Any CPU
		{DF3F8697-F1B9-42C8-B296-777A964C5784}.Debug|Any CPU.Deploy.0 = Debug|Any CPU
		{DF3F8697-F1B9-42C8-B296-777A964C5784}.Debug|ARM.ActiveCfg = Debug|ARM
		{DF3F8697-F1B9-42C8-B296-777A964C5784}.Debug|ARM.Build.0 = Debug|ARM
		{DF3F8697-F1B9-42C8-B296-777A964C5784}.Debug|ARM.Deploy.0 = Debug|ARM
		{DF3F8697-F1B9-42C8-B296-777A964C5784}.Debug|iPhone.ActiveCfg = Debug|Any CPU
		{DF3F8697-F1B9-42C8-B296-777A964C5784}.Debug|iPhone.Build.0 = Debug|Any CPU
		{DF3F8697-F1B9-42C8-B296-777A964C5784}.Debug|iPhone.Deploy.0 = Debug|Any CPU
		{DF3F8697-F1B9-42C8-B296-777A964C5784}.Debug|iPhoneSimulator.ActiveCfg = Debug|Any CPU
		{DF3F8697-F1B9-42C8-B296-777A964C5784}.Debug|iPhoneSimulator.Build.0 = Debug|Any CPU
		{DF3F8697-F1B9-42C8-B296-777A964C5784}.Debug|iPhoneSimulator.Deploy.0 = Debug|Any CPU
		{DF3F8697-F1B9-42C8-B296-777A964C5784}.Debug|x86.ActiveCfg = Debug|x86
		{DF3F8697-F1B9-42C8-B296-777A964C5784}.Debug|x86.Build.0 = Debug|x86
		{DF3F8697-F1B9-42C8-B296-777A964C5784}.Debug|x86.Deploy.0 = Debug|x86
		{DF3F8697-F1B9-42C8-B296-777A964C5784}.Release|Any CPU.ActiveCfg = Release|Any CPU
		{DF3F8697-F1B9-42C8-B296-777A964C5784}.Release|Any CPU.Build.0 = Release|Any CPU
		{DF3F8697-F1B9-42C8-B296-777A964C5784}.Release|Any CPU.Deploy.0 = Release|Any CPU
		{DF3F8697-F1B9-42C8-B296-777A964C5784}.Release|ARM.ActiveCfg = Release|ARM
		{DF3F8697-F1B9-42C8-B296-777A964C5784}.Release|ARM.Build.0 = Release|ARM
		{DF3F8697-F1B9-42C8-B296-777A964C5784}.Release|ARM.Deploy.0 = Release|ARM
		{DF3F8697-F1B9-42C8-B296-777A964C5784}.Release|iPhone.ActiveCfg = Release|Any CPU
		{DF3F8697-F1B9-42C8-B296-777A964C5784}.Release|iPhone.Build.0 = Release|Any CPU
		{DF3F8697-F1B9-42C8-B296-777A964C5784}.Release|iPhone.Deploy.0 = Release|Any CPU
		{DF3F8697-F1B9-42C8-B296-777A964C5784}.Release|iPhoneSimulator.ActiveCfg = Release|Any CPU
		{DF3F8697-F1B9-42C8-B296-777A964C5784}.Release|iPhoneSimulator.Build.0 = Release|Any CPU
		{DF3F8697-F1B9-42C8-B296-777A964C5784}.Release|iPhoneSimulator.Deploy.0 = Release|Any CPU
		{DF3F8697-F1B9-42C8-B296-777A964C5784}.Release|x86.ActiveCfg = Release|x86
		{DF3F8697-F1B9-42C8-B296-777A964C5784}.Release|x86.Build.0 = Release|x86
		{DF3F8697-F1B9-42C8-B296-777A964C5784}.Release|x86.Deploy.0 = Release|x86
		{3AC81D87-6B69-41F9-969A-2DCE719832D3}.Ad-Hoc|Any CPU.ActiveCfg = Release|Any CPU
		{3AC81D87-6B69-41F9-969A-2DCE719832D3}.Ad-Hoc|Any CPU.Build.0 = Release|Any CPU
		{3AC81D87-6B69-41F9-969A-2DCE719832D3}.Ad-Hoc|Any CPU.Deploy.0 = Release|Any CPU
		{3AC81D87-6B69-41F9-969A-2DCE719832D3}.Ad-Hoc|ARM.ActiveCfg = Release|ARM
		{3AC81D87-6B69-41F9-969A-2DCE719832D3}.Ad-Hoc|ARM.Build.0 = Release|ARM
		{3AC81D87-6B69-41F9-969A-2DCE719832D3}.Ad-Hoc|ARM.Deploy.0 = Release|ARM
		{3AC81D87-6B69-41F9-969A-2DCE719832D3}.Ad-Hoc|iPhone.ActiveCfg = Release|Any CPU
		{3AC81D87-6B69-41F9-969A-2DCE719832D3}.Ad-Hoc|iPhone.Build.0 = Release|Any CPU
		{3AC81D87-6B69-41F9-969A-2DCE719832D3}.Ad-Hoc|iPhone.Deploy.0 = Release|Any CPU
		{3AC81D87-6B69-41F9-969A-2DCE719832D3}.Ad-Hoc|iPhoneSimulator.ActiveCfg = Release|Any CPU
		{3AC81D87-6B69-41F9-969A-2DCE719832D3}.Ad-Hoc|iPhoneSimulator.Build.0 = Release|Any CPU
		{3AC81D87-6B69-41F9-969A-2DCE719832D3}.Ad-Hoc|iPhoneSimulator.Deploy.0 = Release|Any CPU
		{3AC81D87-6B69-41F9-969A-2DCE719832D3}.Ad-Hoc|x86.ActiveCfg = Release|x86
		{3AC81D87-6B69-41F9-969A-2DCE719832D3}.Ad-Hoc|x86.Build.0 = Release|x86
		{3AC81D87-6B69-41F9-969A-2DCE719832D3}.Ad-Hoc|x86.Deploy.0 = Release|x86
		{3AC81D87-6B69-41F9-969A-2DCE719832D3}.AppStore|Any CPU.ActiveCfg = Release|Any CPU
		{3AC81D87-6B69-41F9-969A-2DCE719832D3}.AppStore|Any CPU.Build.0 = Release|Any CPU
		{3AC81D87-6B69-41F9-969A-2DCE719832D3}.AppStore|Any CPU.Deploy.0 = Release|Any CPU
		{3AC81D87-6B69-41F9-969A-2DCE719832D3}.AppStore|ARM.ActiveCfg = Release|ARM
		{3AC81D87-6B69-41F9-969A-2DCE719832D3}.AppStore|ARM.Build.0 = Release|ARM
		{3AC81D87-6B69-41F9-969A-2DCE719832D3}.AppStore|ARM.Deploy.0 = Release|ARM
		{3AC81D87-6B69-41F9-969A-2DCE719832D3}.AppStore|iPhone.ActiveCfg = Release|Any CPU
		{3AC81D87-6B69-41F9-969A-2DCE719832D3}.AppStore|iPhone.Build.0 = Release|Any CPU
		{3AC81D87-6B69-41F9-969A-2DCE719832D3}.AppStore|iPhone.Deploy.0 = Release|Any CPU
		{3AC81D87-6B69-41F9-969A-2DCE719832D3}.AppStore|iPhoneSimulator.ActiveCfg = Release|Any CPU
		{3AC81D87-6B69-41F9-969A-2DCE719832D3}.AppStore|iPhoneSimulator.Build.0 = Release|Any CPU
		{3AC81D87-6B69-41F9-969A-2DCE719832D3}.AppStore|iPhoneSimulator.Deploy.0 = Release|Any CPU
		{3AC81D87-6B69-41F9-969A-2DCE719832D3}.AppStore|x86.ActiveCfg = Release|x86
		{3AC81D87-6B69-41F9-969A-2DCE719832D3}.AppStore|x86.Build.0 = Release|x86
		{3AC81D87-6B69-41F9-969A-2DCE719832D3}.AppStore|x86.Deploy.0 = Release|x86
		{3AC81D87-6B69-41F9-969A-2DCE719832D3}.Debug|Any CPU.ActiveCfg = Debug|Any CPU
		{3AC81D87-6B69-41F9-969A-2DCE719832D3}.Debug|Any CPU.Build.0 = Debug|Any CPU
		{3AC81D87-6B69-41F9-969A-2DCE719832D3}.Debug|Any CPU.Deploy.0 = Debug|Any CPU
		{3AC81D87-6B69-41F9-969A-2DCE719832D3}.Debug|ARM.ActiveCfg = Debug|ARM
		{3AC81D87-6B69-41F9-969A-2DCE719832D3}.Debug|ARM.Build.0 = Debug|ARM
		{3AC81D87-6B69-41F9-969A-2DCE719832D3}.Debug|ARM.Deploy.0 = Debug|ARM
		{3AC81D87-6B69-41F9-969A-2DCE719832D3}.Debug|iPhone.ActiveCfg = Debug|Any CPU
		{3AC81D87-6B69-41F9-969A-2DCE719832D3}.Debug|iPhone.Build.0 = Debug|Any CPU
		{3AC81D87-6B69-41F9-969A-2DCE719832D3}.Debug|iPhone.Deploy.0 = Debug|Any CPU
		{3AC81D87-6B69-41F9-969A-2DCE719832D3}.Debug|iPhoneSimulator.ActiveCfg = Debug|Any CPU
		{3AC81D87-6B69-41F9-969A-2DCE719832D3}.Debug|iPhoneSimulator.Build.0 = Debug|Any CPU
		{3AC81D87-6B69-41F9-969A-2DCE719832D3}.Debug|iPhoneSimulator.Deploy.0 = Debug|Any CPU
		{3AC81D87-6B69-41F9-969A-2DCE719832D3}.Debug|x86.ActiveCfg = Debug|x86
		{3AC81D87-6B69-41F9-969A-2DCE719832D3}.Debug|x86.Build.0 = Debug|x86
		{3AC81D87-6B69-41F9-969A-2DCE719832D3}.Debug|x86.Deploy.0 = Debug|x86
		{3AC81D87-6B69-41F9-969A-2DCE719832D3}.Release|Any CPU.ActiveCfg = Release|Any CPU
		{3AC81D87-6B69-41F9-969A-2DCE719832D3}.Release|Any CPU.Build.0 = Release|Any CPU
		{3AC81D87-6B69-41F9-969A-2DCE719832D3}.Release|Any CPU.Deploy.0 = Release|Any CPU
		{3AC81D87-6B69-41F9-969A-2DCE719832D3}.Release|ARM.ActiveCfg = Release|ARM
		{3AC81D87-6B69-41F9-969A-2DCE719832D3}.Release|ARM.Build.0 = Release|ARM
		{3AC81D87-6B69-41F9-969A-2DCE719832D3}.Release|ARM.Deploy.0 = Release|ARM
		{3AC81D87-6B69-41F9-969A-2DCE719832D3}.Release|iPhone.ActiveCfg = Release|Any CPU
		{3AC81D87-6B69-41F9-969A-2DCE719832D3}.Release|iPhone.Build.0 = Release|Any CPU
		{3AC81D87-6B69-41F9-969A-2DCE719832D3}.Release|iPhone.Deploy.0 = Release|Any CPU
		{3AC81D87-6B69-41F9-969A-2DCE719832D3}.Release|iPhoneSimulator.ActiveCfg = Release|Any CPU
		{3AC81D87-6B69-41F9-969A-2DCE719832D3}.Release|iPhoneSimulator.Build.0 = Release|Any CPU
		{3AC81D87-6B69-41F9-969A-2DCE719832D3}.Release|iPhoneSimulator.Deploy.0 = Release|Any CPU
		{3AC81D87-6B69-41F9-969A-2DCE719832D3}.Release|x86.ActiveCfg = Release|x86
		{3AC81D87-6B69-41F9-969A-2DCE719832D3}.Release|x86.Build.0 = Release|x86
		{3AC81D87-6B69-41F9-969A-2DCE719832D3}.Release|x86.Deploy.0 = Release|x86
	EndGlobalSection
	GlobalSection(SolutionProperties) = preSolution
		HideSolutionNode = FALSE
	EndGlobalSection
EndGlobal
